
Microsoft Visual Studio Solution File, Format Version 12.00
# Visual Studio Version 17
VisualStudioVersion = 17.0.32014.148
MinimumVisualStudioVersion = 10.0.40219.1
Project("{FAE04EC0-301F-11D3-BF4B-00C04F79EFBC}") = "CVSITE21", "CVSITE21\CVSITE21.csproj", "{0BA38D04-044B-4C5E-9EFE-25237C92E931}"
EndProject
Global
	GlobalSection(SolutionConfigurationPlatforms) = preSolution
		Debug|Any CPU = Debug|Any CPU
		Release|Any CPU = Release|Any CPU
	EndGlobalSection
	GlobalSection(ProjectConfigurationPlatforms) = postSolution
		{0BA38D04-044B-4C5E-9EFE-25237C92E931}.Debug|Any CPU.ActiveCfg = Debug|Any CPU
		{0BA38D04-044B-4C5E-9EFE-25237C92E931}.Debug|Any CPU.Build.0 = Debug|Any CPU
		{0BA38D04-044B-4C5E-9EFE-25237C92E931}.Release|Any CPU.ActiveCfg = Release|Any CPU
		{0BA38D04-044B-4C5E-9EFE-25237C92E931}.Release|Any CPU.Build.0 = Release|Any CPU
	EndGlobalSection
	GlobalSection(SolutionProperties) = preSolution
		HideSolutionNode = FALSE
	EndGlobalSection
	GlobalSection(ExtensibilityGlobals) = postSolution
		SolutionGuid = {E74F12F3-9BE0-43A9-AC63-8D0441CD0F4F}
	EndGlobalSection
EndGlobal
