
Microsoft Visual Studio Solution File, Format Version 12.00
# Visual Studio Version 17
VisualStudioVersion = 17.0.32014.148
MinimumVisualStudioVersion = 10.0.40219.1
Project("{FAE04EC0-301F-11D3-BF4B-00C04F79EFBC}") = "CVSITE21", "CVSITE21\CVSITE21.csproj", "{0BA38D04-044B-4C5E-9EFE-25237C92E931}"
EndProject
Project("{FAE04EC0-301F-11D3-BF4B-00C04F79EFBC}") = "Data", "Data\Data.csproj", "{D5F03A5D-73F7-4F00-B4D8-155307B916FE}"
EndProject
Project("{FAE04EC0-301F-11D3-BF4B-00C04F79EFBC}") = "Shared", "Shared\Shared.csproj", "{578D3AE6-2145-4807-8AB5-BC578F2C5A7B}"
EndProject
Project("{FAE04EC0-301F-11D3-BF4B-00C04F79EFBC}") = "Services", "Services\Services.csproj", "{893BF708-8E11-43C6-92AC-6E64AADBEA4A}"
EndProject
Global
	GlobalSection(SolutionConfigurationPlatforms) = preSolution
		Debug|Any CPU = Debug|Any CPU
		Release|Any CPU = Release|Any CPU
	EndGlobalSection
	GlobalSection(ProjectConfigurationPlatforms) = postSolution
		{0BA38D04-044B-4C5E-9EFE-25237C92E931}.Debug|Any CPU.ActiveCfg = Debug|Any CPU
		{0BA38D04-044B-4C5E-9EFE-25237C92E931}.Debug|Any CPU.Build.0 = Debug|Any CPU
		{0BA38D04-044B-4C5E-9EFE-25237C92E931}.Release|Any CPU.ActiveCfg = Release|Any CPU
		{0BA38D04-044B-4C5E-9EFE-25237C92E931}.Release|Any CPU.Build.0 = Release|Any CPU
		{D5F03A5D-73F7-4F00-B4D8-155307B916FE}.Debug|Any CPU.ActiveCfg = Debug|Any CPU
		{D5F03A5D-73F7-4F00-B4D8-155307B916FE}.Debug|Any CPU.Build.0 = Debug|Any CPU
		{D5F03A5D-73F7-4F00-B4D8-155307B916FE}.Release|Any CPU.ActiveCfg = Release|Any CPU
		{D5F03A5D-73F7-4F00-B4D8-155307B916FE}.Release|Any CPU.Build.0 = Release|Any CPU
		{578D3AE6-2145-4807-8AB5-BC578F2C5A7B}.Debug|Any CPU.ActiveCfg = Debug|Any CPU
		{578D3AE6-2145-4807-8AB5-BC578F2C5A7B}.Debug|Any CPU.Build.0 = Debug|Any CPU
		{578D3AE6-2145-4807-8AB5-BC578F2C5A7B}.Release|Any CPU.ActiveCfg = Release|Any CPU
		{578D3AE6-2145-4807-8AB5-BC578F2C5A7B}.Release|Any CPU.Build.0 = Release|Any CPU
		{893BF708-8E11-43C6-92AC-6E64AADBEA4A}.Debug|Any CPU.ActiveCfg = Debug|Any CPU
		{893BF708-8E11-43C6-92AC-6E64AADBEA4A}.Debug|Any CPU.Build.0 = Debug|Any CPU
		{893BF708-8E11-43C6-92AC-6E64AADBEA4A}.Release|Any CPU.ActiveCfg = Release|Any CPU
		{893BF708-8E11-43C6-92AC-6E64AADBEA4A}.Release|Any CPU.Build.0 = Release|Any CPU
	EndGlobalSection
	GlobalSection(SolutionProperties) = preSolution
		HideSolutionNode = FALSE
	EndGlobalSection
	GlobalSection(ExtensibilityGlobals) = postSolution
		SolutionGuid = {E74F12F3-9BE0-43A9-AC63-8D0441CD0F4F}
	EndGlobalSection
EndGlobal
